# @generated - this file is auto-generated by `mise lock` https://mise.jdx.dev/dev-tools/mise-lock.html

lockfile_version = 1

[[tools."aqua:opentofu/tofu-ls"]]
version = "0.5.3"
backend = "aqua:opentofu/tofu-ls"
specifiers = ["0.5.3"]

[tools."aqua:opentofu/tofu-ls"."platforms.linux-arm64"]
checksum = "sha256:d30430f86720100e6fc6d16881fcf16bc9e4cb3c4d221fafc1aa992f01387db0"
url = "https://github.com/opentofu/tofu-ls/releases/download/v0.5.3/tofu-ls_Linux_arm64.tar.gz"
url_api = "https://api.github.com/repos/opentofu/tofu-ls/releases/assets/470198140"

[tools."aqua:opentofu/tofu-ls"."platforms.linux-arm64-musl"]
checksum = "sha256:d30430f86720100e6fc6d16881fcf16bc9e4cb3c4d221fafc1aa992f01387db0"
url = "https://github.com/opentofu/tofu-ls/releases/download/v0.5.3/tofu-ls_Linux_arm64.tar.gz"
url_api = "https://api.github.com/repos/opentofu/tofu-ls/releases/assets/470198140"

[tools."aqua:opentofu/tofu-ls"."platforms.linux-x64"]
checksum = "sha256:ccf8d85881f493483c9c20ac010d320bf455fdc9dcc39ba0af515206cb488460"
url = "https://github.com/opentofu/tofu-ls/releases/download/v0.5.3/tofu-ls_Linux_x86_64.tar.gz"
url_api = "https://api.github.com/repos/opentofu/tofu-ls/releases/assets/470198138"

[tools."aqua:opentofu/tofu-ls"."platforms.linux-x64-musl"]
checksum = "sha256:ccf8d85881f493483c9c20ac010d320bf455fdc9dcc39ba0af515206cb488460"
url = "https://github.com/opentofu/tofu-ls/releases/download/v0.5.3/tofu-ls_Linux_x86_64.tar.gz"
url_api = "https://api.github.com/repos/opentofu/tofu-ls/releases/assets/470198138"

[tools."aqua:opentofu/tofu-ls"."platforms.macos-arm64"]
checksum = "sha256:391d2771a501ddc9a1f6575f57346f2653ff7df82d322a13c87147f38b8e0833"
url = "https://github.com/opentofu/tofu-ls/releases/download/v0.5.3/tofu-ls_Darwin_arm64.tar.gz"
url_api = "https://api.github.com/repos/opentofu/tofu-ls/releases/assets/470198123"

[tools."aqua:opentofu/tofu-ls"."platforms.macos-x64"]
checksum = "sha256:9b248dd4a5124c22447873d39d6aba2624d0e091e89d1b2202068058a7398f89"
url = "https://github.com/opentofu/tofu-ls/releases/download/v0.5.3/tofu-ls_Darwin_x86_64.tar.gz"
url_api = "https://api.github.com/repos/opentofu/tofu-ls/releases/assets/470198125"

[tools."aqua:opentofu/tofu-ls"."platforms.windows-x64"]
checksum = "sha256:e326da584f855010445c7cc1d190e8ac9918546a6f4317d378bfea1e76f9758a"
url = "https://github.com/opentofu/tofu-ls/releases/download/v0.5.3/tofu-ls_Windows_x86_64.tar.gz"
url_api = "https://api.github.com/repos/opentofu/tofu-ls/releases/assets/470198137"

[[tools.kubectl]]
version = "1.37.1"
backend = "aqua:kubernetes/kubernetes/kubectl"
specifiers = ["1.37.1"]

[tools.kubectl."platforms.linux-arm64"]
checksum = "sha256:ff749f4b78d9c4f1ec87307df9b50119ed819e2094aa9810cb9acffc3286c8c7"
url = "https://dl.k8s.io/v1.37.1/bin/linux/arm64/kubectl"

[tools.kubectl."platforms.linux-arm64-musl"]
checksum = "sha256:ff749f4b78d9c4f1ec87307df9b50119ed819e2094aa9810cb9acffc3286c8c7"
url = "https://dl.k8s.io/v1.37.1/bin/linux/arm64/kubectl"

[tools.kubectl."platforms.linux-x64"]
checksum = "sha256:65691ff77eb6fa44c908b77a1082c9f092c3b9733b5cefabec0d1104890e21a8"
url = "https://dl.k8s.io/v1.37.1/bin/linux/amd64/kubectl"

[tools.kubectl."platforms.linux-x64-musl"]
checksum = "sha256:65691ff77eb6fa44c908b77a1082c9f092c3b9733b5cefabec0d1104890e21a8"
url = "https://dl.k8s.io/v1.37.1/bin/linux/amd64/kubectl"

[tools.kubectl."platforms.macos-arm64"]
checksum = "sha256:fd65982c97ddad3106754b69ffa196d0e543aa591930ae52aed1adfb92f8c77f"
url = "https://dl.k8s.io/v1.37.1/bin/darwin/arm64/kubectl"

[tools.kubectl."platforms.macos-x64"]
checksum = "sha256:6851381c486ff6edd691623e3d65c87cb9a5b02887ff8fbbb38d8a031b748387"
url = "https://dl.k8s.io/v1.37.1/bin/darwin/amd64/kubectl"

[tools.kubectl."platforms.windows-x64"]
checksum = "sha256:14b93c4916a6f37a06fbc1f46b0a1d2404c4f9741be09f00d6caf8af3b05f1d3"
url = "https://dl.k8s.io/v1.37.1/bin/windows/amd64/kubectl.exe"

[[tools.node]]
version = "26.7.0"
backend = "core:node"
specifiers = ["26.7.0"]

[tools.node."platforms.linux-arm64"]
checksum = "sha256:925aa6157dd37542d0d7f2e28b7bf61e7b39284411210b0498bc3788db4aef68"
url = "https://nodejs.org/dist/v26.7.0/node-v26.7.0-linux-arm64.tar.gz"

[tools.node."platforms.linux-arm64-musl"]
checksum = "sha256:e650560ab1ecec0eb5845b43b87d6024c87b4e143c3e044cbb607cc135dbaadb"
url = "https://unofficial-builds.nodejs.org/download/release/v26.7.0/node-v26.7.0-linux-arm64-musl.tar.gz"

[tools.node."platforms.linux-x64"]
checksum = "sha256:bd6b6c31e377bad9ad579bed72e5bc11f4c879ac9452ad51d30e646ea3d828df"
url = "https://nodejs.org/dist/v26.7.0/node-v26.7.0-linux-x64.tar.gz"

[tools.node."platforms.linux-x64-musl"]
checksum = "sha256:84fc4e29e5f86022a40bac50a28a1b9275dd1f32eebbf4db499e2573ff822124"
url = "https://unofficial-builds.nodejs.org/download/release/v26.7.0/node-v26.7.0-linux-x64-musl.tar.gz"

[tools.node."platforms.macos-arm64"]
checksum = "sha256:7ee659a7768e641bbfd5360940660b8e8fd0052f77488f365562bac522fc15d4"
url = "https://nodejs.org/dist/v26.7.0/node-v26.7.0-darwin-arm64.tar.gz"

[tools.node."platforms.macos-x64"]
checksum = "sha256:f279d1ed28ce57f7788bf23435d2ad7fdd7438904ad5c4d8a1081a7cde3d4b96"
url = "https://nodejs.org/dist/v26.7.0/node-v26.7.0-darwin-x64.tar.gz"

[tools.node."platforms.windows-x64"]
checksum = "sha256:d3bd72755141ed32bbcd841228ee81897c8a98d50dfa7dae2179399a0a7c90f8"
url = "https://nodejs.org/dist/v26.7.0/node-v26.7.0-win-x64.zip"

[[tools."npm:yaml-language-server"]]
version = "1.24.0"
backend = "npm:yaml-language-server"
specifiers = ["1.24.0"]

[[tools.oci]]
version = "3.94.0"
backend = "vfox:oci"
specifiers = ["3.94.0"]
